
Microsoft Visual Studio Solution File, Format Version 12.00
# Visual Studio 15
VisualStudioVersion = 15.0.27703.2000
MinimumVisualStudioVersion = 10.0.40219.1
Project("{9A19103F-16F7-4668-BE54-9A1E7A4F7556}") = "vots-web-app", "vots-web-app.csproj", "{C2079543-7034-462B-9A59-960908D8D08A}"
EndProject
Global
	GlobalSection(SolutionConfigurationPlatforms) = preSolution
		Debug|Any CPU = Debug|Any CPU
		Release|Any CPU = Release|Any CPU
	EndGlobalSection
	GlobalSection(ProjectConfigurationPlatforms) = postSolution
		{C2079543-7034-462B-9A59-960908D8D08A}.Debug|Any CPU.ActiveCfg = Debug|Any CPU
		{C2079543-7034-462B-9A59-960908D8D08A}.Debug|Any CPU.Build.0 = Debug|Any CPU
		{C2079543-7034-462B-9A59-960908D8D08A}.Release|Any CPU.ActiveCfg = Release|Any CPU
		{C2079543-7034-462B-9A59-960908D8D08A}.Release|Any CPU.Build.0 = Release|Any CPU
	EndGlobalSection
	GlobalSection(SolutionProperties) = preSolution
		HideSolutionNode = FALSE
	EndGlobalSection
	GlobalSection(ExtensibilityGlobals) = postSolution
		SolutionGuid = {FFB2BBEC-6D8C-4F40-8830-6B1BC8061EC8}
	EndGlobalSection
EndGlobal
